
Microsoft Visual Studio Solution File, Format Version 12.00
# Visual Studio Version 17
VisualStudioVersion = 17.12.35707.178
MinimumVisualStudioVersion = 10.0.40219.1
Project("{FAE04EC0-301F-11D3-BF4B-00C04F79EFBC}") = "MementoPattern", "MementoPattern\MementoPattern.csproj", "{7031F2D2-D783-4E3C-8830-9FCC5446ABF5}"
EndProject
Project("{FAE04EC0-301F-11D3-BF4B-00C04F79EFBC}") = "ObserverPattern", "ObserverPattern\ObserverPattern.csproj", "{CCCC041F-7F1F-4A83-802E-DB06ABCC21B7}"
EndProject
Project("{FAE04EC0-301F-11D3-BF4B-00C04F79EFBC}") = "StrategyPattern", "StrategyPattern\StrategyPattern.csproj", "{3DDE7B7A-6A32-4179-B1F2-FEDCB4B59005}"
EndProject
Project("{FAE04EC0-301F-11D3-BF4B-00C04F79EFBC}") = "WithoutCommandPattern", "WithoutCommandPattern\WithoutCommandPattern.csproj", "{8E7337A3-82DF-459C-A32D-AF162A8AC1DE}"
EndProject
Project("{FAE04EC0-301F-11D3-BF4B-00C04F79EFBC}") = "CommandPattern", "CommandPattern\CommandPattern.csproj", "{021FB974-AB5F-492D-B128-AAB1F7B34962}"
EndProject
Project("{FAE04EC0-301F-11D3-BF4B-00C04F79EFBC}") = "TemplatePattern", "TemplatePattern\TemplatePattern.csproj", "{181E41F7-F898-450F-AF7A-71C2916E7AB0}"
EndProject
Project("{FAE04EC0-301F-11D3-BF4B-00C04F79EFBC}") = "IteratorPattern", "IteratorPattern\IteratorPattern.csproj", "{34FDE9C9-437B-4705-9D7B-5EB9E7470D1E}"
EndProject
Project("{FAE04EC0-301F-11D3-BF4B-00C04F79EFBC}") = "StatePattern", "StatePattern\StatePattern.csproj", "{82488FA1-B265-40F0-A6E3-FCA06D5F69BD}"
EndProject
Project("{FAE04EC0-301F-11D3-BF4B-00C04F79EFBC}") = "MediatorPattern", "MediatorPattern\MediatorPattern.csproj", "{972460EE-5E9B-4C66-965D-CD27CAC638C8}"
EndProject
Project("{FAE04EC0-301F-11D3-BF4B-00C04F79EFBC}") = "SingletonPattern", "SingletonPattern\SingletonPattern.csproj", "{4810ED36-991C-4FF0-ADF8-FFC3E7F69EDD}"
EndProject
Project("{FAE04EC0-301F-11D3-BF4B-00C04F79EFBC}") = "BuilderPattern", "BuilderPattern\BuilderPattern.csproj", "{397F6A32-4091-4C58-A4EE-EB70C0972D25}"
EndProject
Project("{FAE04EC0-301F-11D3-BF4B-00C04F79EFBC}") = "FactoryPattern", "FactoryPattern\FactoryPattern.csproj", "{D1198500-F7F6-482A-9183-7DD766F46FC9}"
EndProject
Project("{FAE04EC0-301F-11D3-BF4B-00C04F79EFBC}") = "AbstractFactoryPattern", "AbstractFactoryPattern\AbstractFactoryPattern.csproj", "{8EAF501D-EDAE-46BE-896C-A7681C646B26}"
EndProject
Project("{FAE04EC0-301F-11D3-BF4B-00C04F79EFBC}") = "PrototypePattern", "PrototypePattern\PrototypePattern.csproj", "{88EEA7BC-F2CD-4BF1-9672-F3C44DBD045E}"
EndProject
Project("{FAE04EC0-301F-11D3-BF4B-00C04F79EFBC}") = "AdapterPattern", "AdapterPattern\AdapterPattern.csproj", "{55A7D61A-A5A0-4438-A696-47FAF5383EE6}"
EndProject
Project("{FAE04EC0-301F-11D3-BF4B-00C04F79EFBC}") = "DecoratorPattern", "DecoratorPattern\DecoratorPattern.csproj", "{9B638701-DAA7-48C6-AE19-65A619D89D6D}"
EndProject
Global
	GlobalSection(SolutionConfigurationPlatforms) = preSolution
		Debug|Any CPU = Debug|Any CPU
		Release|Any CPU = Release|Any CPU
	EndGlobalSection
	GlobalSection(ProjectConfigurationPlatforms) = postSolution
		{7031F2D2-D783-4E3C-8830-9FCC5446ABF5}.Debug|Any CPU.ActiveCfg = Debug|Any CPU
		{7031F2D2-D783-4E3C-8830-9FCC5446ABF5}.Debug|Any CPU.Build.0 = Debug|Any CPU
		{7031F2D2-D783-4E3C-8830-9FCC5446ABF5}.Release|Any CPU.ActiveCfg = Release|Any CPU
		{7031F2D2-D783-4E3C-8830-9FCC5446ABF5}.Release|Any CPU.Build.0 = Release|Any CPU
		{CCCC041F-7F1F-4A83-802E-DB06ABCC21B7}.Debug|Any CPU.ActiveCfg = Debug|Any CPU
		{CCCC041F-7F1F-4A83-802E-DB06ABCC21B7}.Debug|Any CPU.Build.0 = Debug|Any CPU
		{CCCC041F-7F1F-4A83-802E-DB06ABCC21B7}.Release|Any CPU.ActiveCfg = Release|Any CPU
		{CCCC041F-7F1F-4A83-802E-DB06ABCC21B7}.Release|Any CPU.Build.0 = Release|Any CPU
		{3DDE7B7A-6A32-4179-B1F2-FEDCB4B59005}.Debug|Any CPU.ActiveCfg = Debug|Any CPU
		{3DDE7B7A-6A32-4179-B1F2-FEDCB4B59005}.Debug|Any CPU.Build.0 = Debug|Any CPU
		{3DDE7B7A-6A32-4179-B1F2-FEDCB4B59005}.Release|Any CPU.ActiveCfg = Release|Any CPU
		{3DDE7B7A-6A32-4179-B1F2-FEDCB4B59005}.Release|Any CPU.Build.0 = Release|Any CPU
		{8E7337A3-82DF-459C-A32D-AF162A8AC1DE}.Debug|Any CPU.ActiveCfg = Debug|Any CPU
		{8E7337A3-82DF-459C-A32D-AF162A8AC1DE}.Debug|Any CPU.Build.0 = Debug|Any CPU
		{8E7337A3-82DF-459C-A32D-AF162A8AC1DE}.Release|Any CPU.ActiveCfg = Release|Any CPU
		{8E7337A3-82DF-459C-A32D-AF162A8AC1DE}.Release|Any CPU.Build.0 = Release|Any CPU
		{021FB974-AB5F-492D-B128-AAB1F7B34962}.Debug|Any CPU.ActiveCfg = Debug|Any CPU
		{021FB974-AB5F-492D-B128-AAB1F7B34962}.Debug|Any CPU.Build.0 = Debug|Any CPU
		{021FB974-AB5F-492D-B128-AAB1F7B34962}.Release|Any CPU.ActiveCfg = Release|Any CPU
		{021FB974-AB5F-492D-B128-AAB1F7B34962}.Release|Any CPU.Build.0 = Release|Any CPU
		{181E41F7-F898-450F-AF7A-71C2916E7AB0}.Debug|Any CPU.ActiveCfg = Debug|Any CPU
		{181E41F7-F898-450F-AF7A-71C2916E7AB0}.Debug|Any CPU.Build.0 = Debug|Any CPU
		{181E41F7-F898-450F-AF7A-71C2916E7AB0}.Release|Any CPU.ActiveCfg = Release|Any CPU
		{181E41F7-F898-450F-AF7A-71C2916E7AB0}.Release|Any CPU.Build.0 = Release|Any CPU
		{34FDE9C9-437B-4705-9D7B-5EB9E7470D1E}.Debug|Any CPU.ActiveCfg = Debug|Any CPU
		{34FDE9C9-437B-4705-9D7B-5EB9E7470D1E}.Debug|Any CPU.Build.0 = Debug|Any CPU
		{34FDE9C9-437B-4705-9D7B-5EB9E7470D1E}.Release|Any CPU.ActiveCfg = Release|Any CPU
		{34FDE9C9-437B-4705-9D7B-5EB9E7470D1E}.Release|Any CPU.Build.0 = Release|Any CPU
		{82488FA1-B265-40F0-A6E3-FCA06D5F69BD}.Debug|Any CPU.ActiveCfg = Debug|Any CPU
		{82488FA1-B265-40F0-A6E3-FCA06D5F69BD}.Debug|Any CPU.Build.0 = Debug|Any CPU
		{82488FA1-B265-40F0-A6E3-FCA06D5F69BD}.Release|Any CPU.ActiveCfg = Release|Any CPU
		{82488FA1-B265-40F0-A6E3-FCA06D5F69BD}.Release|Any CPU.Build.0 = Release|Any CPU
		{972460EE-5E9B-4C66-965D-CD27CAC638C8}.Debug|Any CPU.ActiveCfg = Debug|Any CPU
		{972460EE-5E9B-4C66-965D-CD27CAC638C8}.Debug|Any CPU.Build.0 = Debug|Any CPU
		{972460EE-5E9B-4C66-965D-CD27CAC638C8}.Release|Any CPU.ActiveCfg = Release|Any CPU
		{972460EE-5E9B-4C66-965D-CD27CAC638C8}.Release|Any CPU.Build.0 = Release|Any CPU
		{4810ED36-991C-4FF0-ADF8-FFC3E7F69EDD}.Debug|Any CPU.ActiveCfg = Debug|Any CPU
		{4810ED36-991C-4FF0-ADF8-FFC3E7F69EDD}.Debug|Any CPU.Build.0 = Debug|Any CPU
		{4810ED36-991C-4FF0-ADF8-FFC3E7F69EDD}.Release|Any CPU.ActiveCfg = Release|Any CPU
		{4810ED36-991C-4FF0-ADF8-FFC3E7F69EDD}.Release|Any CPU.Build.0 = Release|Any CPU
		{397F6A32-4091-4C58-A4EE-EB70C0972D25}.Debug|Any CPU.ActiveCfg = Debug|Any CPU
		{397F6A32-4091-4C58-A4EE-EB70C0972D25}.Debug|Any CPU.Build.0 = Debug|Any CPU
		{397F6A32-4091-4C58-A4EE-EB70C0972D25}.Release|Any CPU.ActiveCfg = Release|Any CPU
		{397F6A32-4091-4C58-A4EE-EB70C0972D25}.Release|Any CPU.Build.0 = Release|Any CPU
		{D1198500-F7F6-482A-9183-7DD766F46FC9}.Debug|Any CPU.ActiveCfg = Debug|Any CPU
		{D1198500-F7F6-482A-9183-7DD766F46FC9}.Debug|Any CPU.Build.0 = Debug|Any CPU
		{D1198500-F7F6-482A-9183-7DD766F46FC9}.Release|Any CPU.ActiveCfg = Release|Any CPU
		{D1198500-F7F6-482A-9183-7DD766F46FC9}.Release|Any CPU.Build.0 = Release|Any CPU
		{8EAF501D-EDAE-46BE-896C-A7681C646B26}.Debug|Any CPU.ActiveCfg = Debug|Any CPU
		{8EAF501D-EDAE-46BE-896C-A7681C646B26}.Debug|Any CPU.Build.0 = Debug|Any CPU
		{8EAF501D-EDAE-46BE-896C-A7681C646B26}.Release|Any CPU.ActiveCfg = Release|Any CPU
		{8EAF501D-EDAE-46BE-896C-A7681C646B26}.Release|Any CPU.Build.0 = Release|Any CPU
		{88EEA7BC-F2CD-4BF1-9672-F3C44DBD045E}.Debug|Any CPU.ActiveCfg = Debug|Any CPU
		{88EEA7BC-F2CD-4BF1-9672-F3C44DBD045E}.Debug|Any CPU.Build.0 = Debug|Any CPU
		{88EEA7BC-F2CD-4BF1-9672-F3C44DBD045E}.Release|Any CPU.ActiveCfg = Release|Any CPU
		{88EEA7BC-F2CD-4BF1-9672-F3C44DBD045E}.Release|Any CPU.Build.0 = Release|Any CPU
		{55A7D61A-A5A0-4438-A696-47FAF5383EE6}.Debug|Any CPU.ActiveCfg = Debug|Any CPU
		{55A7D61A-A5A0-4438-A696-47FAF5383EE6}.Debug|Any CPU.Build.0 = Debug|Any CPU
		{55A7D61A-A5A0-4438-A696-47FAF5383EE6}.Release|Any CPU.ActiveCfg = Release|Any CPU
		{55A7D61A-A5A0-4438-A696-47FAF5383EE6}.Release|Any CPU.Build.0 = Release|Any CPU
		{9B638701-DAA7-48C6-AE19-65A619D89D6D}.Debug|Any CPU.ActiveCfg = Debug|Any CPU
		{9B638701-DAA7-48C6-AE19-65A619D89D6D}.Debug|Any CPU.Build.0 = Debug|Any CPU
		{9B638701-DAA7-48C6-AE19-65A619D89D6D}.Release|Any CPU.ActiveCfg = Release|Any CPU
		{9B638701-DAA7-48C6-AE19-65A619D89D6D}.Release|Any CPU.Build.0 = Release|Any CPU
	EndGlobalSection
	GlobalSection(SolutionProperties) = preSolution
		HideSolutionNode = FALSE
	EndGlobalSection
EndGlobal
